// !$*UTF8*$!
{
	archiveVersion = 1;
	classes = {
	};
	objectVersion = 55;
	objects = {

/* Begin PBXBuildFile section */
		F66ADD6A27B3CC6A000F63A7 /* DivisionItem.swift in Sources */ = {isa = PBXBuildFile; fileRef = F66ADD6927B3CC6A000F63A7 /* DivisionItem.swift */; };
		F682A8EE27AA9D6D006DCB6B /* CommentCardGeneratorApp.swift in Sources */ = {isa = PBXBuildFile; fileRef = F682A8ED27AA9D6D006DCB6B /* CommentCardGeneratorApp.swift */; };
		F682A8F027AA9D6E006DCB6B /* DivisionsView.swift in Sources */ = {isa = PBXBuildFile; fileRef = F682A8EF27AA9D6E006DCB6B /* DivisionsView.swift */; };
		F682A8F227AA9D6F006DCB6B /* Assets.xcassets in Resources */ = {isa = PBXBuildFile; fileRef = F682A8F127AA9D6F006DCB6B /* Assets.xcassets */; };
		F682A8F527AA9D6F006DCB6B /* Preview Assets.xcassets in Resources */ = {isa = PBXBuildFile; fileRef = F682A8F427AA9D6F006DCB6B /* Preview Assets.xcassets */; };
		F682A8FF27AA9D6F006DCB6B /* CommentCardGeneratorTests.swift in Sources */ = {isa = PBXBuildFile; fileRef = F682A8FE27AA9D6F006DCB6B /* CommentCardGeneratorTests.swift */; };
		F682A90927AA9D6F006DCB6B /* CommentCardGeneratorUITests.swift in Sources */ = {isa = PBXBuildFile; fileRef = F682A90827AA9D6F006DCB6B /* CommentCardGeneratorUITests.swift */; };
		F682A90B27AA9D6F006DCB6B /* CommentCardGeneratorUITestsLaunchTests.swift in Sources */ = {isa = PBXBuildFile; fileRef = F682A90A27AA9D6F006DCB6B /* CommentCardGeneratorUITestsLaunchTests.swift */; };
		F682A91A27AA9E4F006DCB6B /* CommentCard.swift in Sources */ = {isa = PBXBuildFile; fileRef = F682A91927AA9E4F006DCB6B /* CommentCard.swift */; };
		F6C3FA6E27B3D48C00907924 /* LoginView.swift in Sources */ = {isa = PBXBuildFile; fileRef = F6C3FA6D27B3D48C00907924 /* LoginView.swift */; };
		F6C3FA7027B3D96F00907924 /* StudentStateController.swift in Sources */ = {isa = PBXBuildFile; fileRef = F6C3FA6F27B3D96F00907924 /* StudentStateController.swift */; };
		F6D1D02D27AD577B004DBA8B /* RootTabView.swift in Sources */ = {isa = PBXBuildFile; fileRef = F6D1D02C27AD577B004DBA8B /* RootTabView.swift */; };
		F6D1D02F27AD57F8004DBA8B /* Student.swift in Sources */ = {isa = PBXBuildFile; fileRef = F6D1D02E27AD57F8004DBA8B /* Student.swift */; };
		F6D1D03127AD5849004DBA8B /* Division.swift in Sources */ = {isa = PBXBuildFile; fileRef = F6D1D03027AD5849004DBA8B /* Division.swift */; };
		F6D1D03327AD59C5004DBA8B /* GenerateCommentCardView.swift in Sources */ = {isa = PBXBuildFile; fileRef = F6D1D03227AD59C5004DBA8B /* GenerateCommentCardView.swift */; };
		F6D1D03527AD5A30004DBA8B /* LoginStateController.swift in Sources */ = {isa = PBXBuildFile; fileRef = F6D1D03427AD5A30004DBA8B /* LoginStateController.swift */; };
/* End PBXBuildFile section */

/* Begin PBXContainerItemProxy section */
		F682A8FB27AA9D6F006DCB6B /* PBXContainerItemProxy */ = {
			isa = PBXContainerItemProxy;
			containerPortal = F682A8E227AA9D6D006DCB6B /* Project object */;
			proxyType = 1;
			remoteGlobalIDString = F682A8E927AA9D6D006DCB6B;
			remoteInfo = CommentCardGenerator;
		};
		F682A90527AA9D6F006DCB6B /* PBXContainerItemProxy */ = {
			isa = PBXContainerItemProxy;
			containerPortal = F682A8E227AA9D6D006DCB6B /* Project object */;
			proxyType = 1;
			remoteGlobalIDString = F682A8E927AA9D6D006DCB6B;
			remoteInfo = CommentCardGenerator;
		};
/* End PBXContainerItemProxy section */

/* Begin PBXFileReference section */
		F66ADD6927B3CC6A000F63A7 /* DivisionItem.swift */ = {isa = PBXFileReference; lastKnownFileType = sourcecode.swift; path = DivisionItem.swift; sourceTree = "<group>"; };
		F682A8EA27AA9D6D006DCB6B /* CommentCardGenerator.app */ = {isa = PBXFileReference; explicitFileType = wrapper.application; includeInIndex = 0; path = CommentCardGenerator.app; sourceTree = BUILT_PRODUCTS_DIR; };
		F682A8ED27AA9D6D006DCB6B /* CommentCardGeneratorApp.swift */ = {isa = PBXFileReference; lastKnownFileType = sourcecode.swift; path = CommentCardGeneratorApp.swift; sourceTree = "<group>"; };
		F682A8EF27AA9D6E006DCB6B /* DivisionsView.swift */ = {isa = PBXFileReference; lastKnownFileType = sourcecode.swift; path = DivisionsView.swift; sourceTree = "<group>"; };
		F682A8F127AA9D6F006DCB6B /* Assets.xcassets */ = {isa = PBXFileReference; lastKnownFileType = folder.assetcatalog; path = Assets.xcassets; sourceTree = "<group>"; };
		F682A8F427AA9D6F006DCB6B /* Preview Assets.xcassets */ = {isa = PBXFileReference; lastKnownFileType = folder.assetcatalog; path = "Preview Assets.xcassets"; sourceTree = "<group>"; };
		F682A8FA27AA9D6F006DCB6B /* CommentCardGeneratorTests.xctest */ = {isa = PBXFileReference; explicitFileType = wrapper.cfbundle; includeInIndex = 0; path = CommentCardGeneratorTests.xctest; sourceTree = BUILT_PRODUCTS_DIR; };
		F682A8FE27AA9D6F006DCB6B /* CommentCardGeneratorTests.swift */ = {isa = PBXFileReference; lastKnownFileType = sourcecode.swift; path = CommentCardGeneratorTests.swift; sourceTree = "<group>"; };
		F682A90427AA9D6F006DCB6B /* CommentCardGeneratorUITests.xctest */ = {isa = PBXFileReference; explicitFileType = wrapper.cfbundle; includeInIndex = 0; path = CommentCardGeneratorUITests.xctest; sourceTree = BUILT_PRODUCTS_DIR; };
		F682A90827AA9D6F006DCB6B /* CommentCardGeneratorUITests.swift */ = {isa = PBXFileReference; lastKnownFileType = sourcecode.swift; path = CommentCardGeneratorUITests.swift; sourceTree = "<group>"; };
		F682A90A27AA9D6F006DCB6B /* CommentCardGeneratorUITestsLaunchTests.swift */ = {isa = PBXFileReference; lastKnownFileType = sourcecode.swift; path = CommentCardGeneratorUITestsLaunchTests.swift; sourceTree = "<group>"; };
		F682A91927AA9E4F006DCB6B /* CommentCard.swift */ = {isa = PBXFileReference; lastKnownFileType = sourcecode.swift; path = CommentCard.swift; sourceTree = "<group>"; };
		F6C3FA6D27B3D48C00907924 /* LoginView.swift */ = {isa = PBXFileReference; lastKnownFileType = sourcecode.swift; path = LoginView.swift; sourceTree = "<group>"; };
		F6C3FA6F27B3D96F00907924 /* StudentStateController.swift */ = {isa = PBXFileReference; lastKnownFileType = sourcecode.swift; path = StudentStateController.swift; sourceTree = "<group>"; };
		F6D1D02C27AD577B004DBA8B /* RootTabView.swift */ = {isa = PBXFileReference; lastKnownFileType = sourcecode.swift; path = RootTabView.swift; sourceTree = "<group>"; };
		F6D1D02E27AD57F8004DBA8B /* Student.swift */ = {isa = PBXFileReference; lastKnownFileType = sourcecode.swift; path = Student.swift; sourceTree = "<group>"; };
		F6D1D03027AD5849004DBA8B /* Division.swift */ = {isa = PBXFileReference; lastKnownFileType = sourcecode.swift; path = Division.swift; sourceTree = "<group>"; };
		F6D1D03227AD59C5004DBA8B /* GenerateCommentCardView.swift */ = {isa = PBXFileReference; lastKnownFileType = sourcecode.swift; path = GenerateCommentCardView.swift; sourceTree = "<group>"; };
		F6D1D03427AD5A30004DBA8B /* LoginStateController.swift */ = {isa = PBXFileReference; lastKnownFileType = sourcecode.swift; path = LoginStateController.swift; sourceTree = "<group>"; };
/* End PBXFileReference section */

/* Begin PBXFrameworksBuildPhase section */
		F682A8E727AA9D6D006DCB6B /* Frameworks */ = {
			isa = PBXFrameworksBuildPhase;
			buildActionMask = 2147483647;
			files = (
			);
			runOnlyForDeploymentPostprocessing = 0;
		};
		F682A8F727AA9D6F006DCB6B /* Frameworks */ = {
			isa = PBXFrameworksBuildPhase;
			buildActionMask = 2147483647;
			files = (
			);
			runOnlyForDeploymentPostprocessing = 0;
		};
		F682A90127AA9D6F006DCB6B /* Frameworks */ = {
			isa = PBXFrameworksBuildPhase;
			buildActionMask = 2147483647;
			files = (
			);
			runOnlyForDeploymentPostprocessing = 0;
		};
/* End PBXFrameworksBuildPhase section */

/* Begin PBXGroup section */
		F682A8E127AA9D6D006DCB6B = {
			isa = PBXGroup;
			children = (
				F682A8EC27AA9D6D006DCB6B /* CommentCardGenerator */,
				F682A8FD27AA9D6F006DCB6B /* CommentCardGeneratorTests */,
				F682A90727AA9D6F006DCB6B /* CommentCardGeneratorUITests */,
				F682A8EB27AA9D6D006DCB6B /* Products */,
			);
			sourceTree = "<group>";
		};
		F682A8EB27AA9D6D006DCB6B /* Products */ = {
			isa = PBXGroup;
			children = (
				F682A8EA27AA9D6D006DCB6B /* CommentCardGenerator.app */,
				F682A8FA27AA9D6F006DCB6B /* CommentCardGeneratorTests.xctest */,
				F682A90427AA9D6F006DCB6B /* CommentCardGeneratorUITests.xctest */,
			);
			name = Products;
			sourceTree = "<group>";
		};
		F682A8EC27AA9D6D006DCB6B /* CommentCardGenerator */ = {
			isa = PBXGroup;
			children = (
				F682A91827AA9E39006DCB6B /* Model */,
				F682A91727AA9E19006DCB6B /* View */,
				F682A8ED27AA9D6D006DCB6B /* CommentCardGeneratorApp.swift */,
				F6D1D03427AD5A30004DBA8B /* LoginStateController.swift */,
				F6C3FA6F27B3D96F00907924 /* StudentStateController.swift */,
				F682A8F127AA9D6F006DCB6B /* Assets.xcassets */,
				F682A8F327AA9D6F006DCB6B /* Preview Content */,
			);
			path = CommentCardGenerator;
			sourceTree = "<group>";
		};
		F682A8F327AA9D6F006DCB6B /* Preview Content */ = {
			isa = PBXGroup;
			children = (
				F682A8F427AA9D6F006DCB6B /* Preview Assets.xcassets */,
			);
			path = "Preview Content";
			sourceTree = "<group>";
		};
		F682A8FD27AA9D6F006DCB6B /* CommentCardGeneratorTests */ = {
			isa = PBXGroup;
			children = (
				F682A8FE27AA9D6F006DCB6B /* CommentCardGeneratorTests.swift */,
			);
			path = CommentCardGeneratorTests;
			sourceTree = "<group>";
		};
		F682A90727AA9D6F006DCB6B /* CommentCardGeneratorUITests */ = {
			isa = PBXGroup;
			children = (
				F682A90827AA9D6F006DCB6B /* CommentCardGeneratorUITests.swift */,
				F682A90A27AA9D6F006DCB6B /* CommentCardGeneratorUITestsLaunchTests.swift */,
			);
			path = CommentCardGeneratorUITests;
			sourceTree = "<group>";
		};
		F682A91727AA9E19006DCB6B /* View */ = {
			isa = PBXGroup;
			children = (
				F682A8EF27AA9D6E006DCB6B /* DivisionsView.swift */,
				F6D1D03227AD59C5004DBA8B /* GenerateCommentCardView.swift */,
				F6D1D02C27AD577B004DBA8B /* RootTabView.swift */,
				F66ADD6927B3CC6A000F63A7 /* DivisionItem.swift */,
				F6C3FA6D27B3D48C00907924 /* LoginView.swift */,
			);
			path = View;
			sourceTree = "<group>";
		};
		F682A91827AA9E39006DCB6B /* Model */ = {
			isa = PBXGroup;
			children = (
				F682A91927AA9E4F006DCB6B /* CommentCard.swift */,
				F6D1D02E27AD57F8004DBA8B /* Student.swift */,
				F6D1D03027AD5849004DBA8B /* Division.swift */,
			);
			path = Model;
			sourceTree = "<group>";
		};
/* End PBXGroup section */

/* Begin PBXNativeTarget section */
		F682A8E927AA9D6D006DCB6B /* CommentCardGenerator */ = {
			isa = PBXNativeTarget;
			buildConfigurationList = F682A90E27AA9D6F006DCB6B /* Build configuration list for PBXNativeTarget "CommentCardGenerator" */;
			buildPhases = (
				F682A8E627AA9D6D006DCB6B /* Sources */,
				F682A8E727AA9D6D006DCB6B /* Frameworks */,
				F682A8E827AA9D6D006DCB6B /* Resources */,
			);
			buildRules = (
			);
			dependencies = (
			);
			name = CommentCardGenerator;
			productName = CommentCardGenerator;
			productReference = F682A8EA27AA9D6D006DCB6B /* CommentCardGenerator.app */;
			productType = "com.apple.product-type.application";
		};
		F682A8F927AA9D6F006DCB6B /* CommentCardGeneratorTests */ = {
			isa = PBXNativeTarget;
			buildConfigurationList = F682A91127AA9D6F006DCB6B /* Build configuration list for PBXNativeTarget "CommentCardGeneratorTests" */;
			buildPhases = (
				F682A8F627AA9D6F006DCB6B /* Sources */,
				F682A8F727AA9D6F006DCB6B /* Frameworks */,
				F682A8F827AA9D6F006DCB6B /* Resources */,
			);
			buildRules = (
			);
			dependencies = (
				F682A8FC27AA9D6F006DCB6B /* PBXTargetDependency */,
			);
			name = CommentCardGeneratorTests;
			productName = CommentCardGeneratorTests;
			productReference = F682A8FA27AA9D6F006DCB6B /* CommentCardGeneratorTests.xctest */;
			productType = "com.apple.product-type.bundle.unit-test";
		};
		F682A90327AA9D6F006DCB6B /* CommentCardGeneratorUITests */ = {
			isa = PBXNativeTarget;
			buildConfigurationList = F682A91427AA9D6F006DCB6B /* Build configuration list for PBXNativeTarget "CommentCardGeneratorUITests" */;
			buildPhases = (
				F682A90027AA9D6F006DCB6B /* Sources */,
				F682A90127AA9D6F006DCB6B /* Frameworks */,
				F682A90227AA9D6F006DCB6B /* Resources */,
			);
			buildRules = (
			);
			dependencies = (
				F682A90627AA9D6F006DCB6B /* PBXTargetDependency */,
			);
			name = CommentCardGeneratorUITests;
			productName = CommentCardGeneratorUITests;
			productReference = F682A90427AA9D6F006DCB6B /* CommentCardGeneratorUITests.xctest */;
			productType = "com.apple.product-type.bundle.ui-testing";
		};
/* End PBXNativeTarget section */

/* Begin PBXProject section */
		F682A8E227AA9D6D006DCB6B /* Project object */ = {
			isa = PBXProject;
			attributes = {
				BuildIndependentTargetsInParallel = 1;
				LastSwiftUpdateCheck = 1320;
				LastUpgradeCheck = 1320;
				TargetAttributes = {
					F682A8E927AA9D6D006DCB6B = {
						CreatedOnToolsVersion = 13.2.1;
					};
					F682A8F927AA9D6F006DCB6B = {
						CreatedOnToolsVersion = 13.2.1;
						TestTargetID = F682A8E927AA9D6D006DCB6B;
					};
					F682A90327AA9D6F006DCB6B = {
						CreatedOnToolsVersion = 13.2.1;
						TestTargetID = F682A8E927AA9D6D006DCB6B;
					};
				};
			};
			buildConfigurationList = F682A8E527AA9D6D006DCB6B /* Build configuration list for PBXProject "CommentCardGenerator" */;
			compatibilityVersion = "Xcode 13.0";
			developmentRegion = en;
			hasScannedForEncodings = 0;
			knownRegions = (
				en,
				Base,
			);
			mainGroup = F682A8E127AA9D6D006DCB6B;
			productRefGroup = F682A8EB27AA9D6D006DCB6B /* Products */;
			projectDirPath = "";
			projectRoot = "";
			targets = (
				F682A8E927AA9D6D006DCB6B /* CommentCardGenerator */,
				F682A8F927AA9D6F006DCB6B /* CommentCardGeneratorTests */,
				F682A90327AA9D6F006DCB6B /* CommentCardGeneratorUITests */,
			);
		};
/* End PBXProject section */

/* Begin PBXResourcesBuildPhase section */
		F682A8E827AA9D6D006DCB6B /* Resources */ = {
			isa = PBXResourcesBuildPhase;
			buildActionMask = 2147483647;
			files = (
				F682A8F527AA9D6F006DCB6B /* Preview Assets.xcassets in Resources */,
				F682A8F227AA9D6F006DCB6B /* Assets.xcassets in Resources */,
			);
			runOnlyForDeploymentPostprocessing = 0;
		};
		F682A8F827AA9D6F006DCB6B /* Resources */ = {
			isa = PBXResourcesBuildPhase;
			buildActionMask = 2147483647;
			files = (
			);
			runOnlyForDeploymentPostprocessing = 0;
		};
		F682A90227AA9D6F006DCB6B /* Resources */ = {
			isa = PBXResourcesBuildPhase;
			buildActionMask = 2147483647;
			files = (
			);
			runOnlyForDeploymentPostprocessing = 0;
		};
/* End PBXResourcesBuildPhase section */

/* Begin PBXSourcesBuildPhase section */
		F682A8E627AA9D6D006DCB6B /* Sources */ = {
			isa = PBXSourcesBuildPhase;
			buildActionMask = 2147483647;
			files = (
				F682A8F027AA9D6E006DCB6B /* DivisionsView.swift in Sources */,
				F6D1D03327AD59C5004DBA8B /* GenerateCommentCardView.swift in Sources */,
				F682A91A27AA9E4F006DCB6B /* CommentCard.swift in Sources */,
				F6D1D03127AD5849004DBA8B /* Division.swift in Sources */,
				F6D1D02D27AD577B004DBA8B /* RootTabView.swift in Sources */,
				F6C3FA7027B3D96F00907924 /* StudentStateController.swift in Sources */,
				F6D1D03527AD5A30004DBA8B /* LoginStateController.swift in Sources */,
				F6D1D02F27AD57F8004DBA8B /* Student.swift in Sources */,
				F682A8EE27AA9D6D006DCB6B /* CommentCardGeneratorApp.swift in Sources */,
				F6C3FA6E27B3D48C00907924 /* LoginView.swift in Sources */,
				F66ADD6A27B3CC6A000F63A7 /* DivisionItem.swift in Sources */,
			);
			runOnlyForDeploymentPostprocessing = 0;
		};
		F682A8F627AA9D6F006DCB6B /* Sources */ = {
			isa = PBXSourcesBuildPhase;
			buildActionMask = 2147483647;
			files = (
				F682A8FF27AA9D6F006DCB6B /* CommentCardGeneratorTests.swift in Sources */,
			);
			runOnlyForDeploymentPostprocessing = 0;
		};
		F682A90027AA9D6F006DCB6B /* Sources */ = {
			isa = PBXSourcesBuildPhase;
			buildActionMask = 2147483647;
			files = (
				F682A90B27AA9D6F006DCB6B /* CommentCardGeneratorUITestsLaunchTests.swift in Sources */,
				F682A90927AA9D6F006DCB6B /* CommentCardGeneratorUITests.swift in Sources */,
			);
			runOnlyForDeploymentPostprocessing = 0;
		};
/* End PBXSourcesBuildPhase section */

/* Begin PBXTargetDependency section */
		F682A8FC27AA9D6F006DCB6B /* PBXTargetDependency */ = {
			isa = PBXTargetDependency;
			target = F682A8E927AA9D6D006DCB6B /* CommentCardGenerator */;
			targetProxy = F682A8FB27AA9D6F006DCB6B /* PBXContainerItemProxy */;
		};
		F682A90627AA9D6F006DCB6B /* PBXTargetDependency */ = {
			isa = PBXTargetDependency;
			target = F682A8E927AA9D6D006DCB6B /* CommentCardGenerator */;
			targetProxy = F682A90527AA9D6F006DCB6B /* PBXContainerItemProxy */;
		};
/* End PBXTargetDependency section */

/* Begin XCBuildConfiguration section */
		F682A90C27AA9D6F006DCB6B /* Debug */ = {
			isa = XCBuildConfiguration;
			buildSettings = {
				ALWAYS_SEARCH_USER_PATHS = NO;
				CLANG_ANALYZER_NONNULL = YES;
				CLANG_ANALYZER_NUMBER_OBJECT_CONVERSION = YES_AGGRESSIVE;
				CLANG_CXX_LANGUAGE_STANDARD = "gnu++17";
				CLANG_CXX_LIBRARY = "libc++";
				CLANG_ENABLE_MODULES = YES;
				CLANG_ENABLE_OBJC_ARC = YES;
				CLANG_ENABLE_OBJC_WEAK = YES;
				CLANG_WARN_BLOCK_CAPTURE_AUTORELEASING = YES;
				CLANG_WARN_BOOL_CONVERSION = YES;
				CLANG_WARN_COMMA = YES;
				CLANG_WARN_CONSTANT_CONVERSION = YES;
				CLANG_WARN_DEPRECATED_OBJC_IMPLEMENTATIONS = YES;
				CLANG_WARN_DIRECT_OBJC_ISA_USAGE = YES_ERROR;
				CLANG_WARN_DOCUMENTATION_COMMENTS = YES;
				CLANG_WARN_EMPTY_BODY = YES;
				CLANG_WARN_ENUM_CONVERSION = YES;
				CLANG_WARN_INFINITE_RECURSION = YES;
				CLANG_WARN_INT_CONVERSION = YES;
				CLANG_WARN_NON_LITERAL_NULL_CONVERSION = YES;
				CLANG_WARN_OBJC_IMPLICIT_RETAIN_SELF = YES;
				CLANG_WARN_OBJC_LITERAL_CONVERSION = YES;
				CLANG_WARN_OBJC_ROOT_CLASS = YES_ERROR;
				CLANG_WARN_QUOTED_INCLUDE_IN_FRAMEWORK_HEADER = YES;
				CLANG_WARN_RANGE_LOOP_ANALYSIS = YES;
				CLANG_WARN_STRICT_PROTOTYPES = YES;
				CLANG_WARN_SUSPICIOUS_MOVE = YES;
				CLANG_WARN_UNGUARDED_AVAILABILITY = YES_AGGRESSIVE;
				CLANG_WARN_UNREACHABLE_CODE = YES;
				CLANG_WARN__DUPLICATE_METHOD_MATCH = YES;
				COPY_PHASE_STRIP = NO;
				DEBUG_INFORMATION_FORMAT = dwarf;
				ENABLE_STRICT_OBJC_MSGSEND = YES;
				ENABLE_TESTABILITY = YES;
				GCC_C_LANGUAGE_STANDARD = gnu11;
				GCC_DYNAMIC_NO_PIC = NO;
				GCC_NO_COMMON_BLOCKS = YES;
				GCC_OPTIMIZATION_LEVEL = 0;
				GCC_PREPROCESSOR_DEFINITIONS = (
					"DEBUG=1",
					"$(inherited)",
				);
				GCC_WARN_64_TO_32_BIT_CONVERSION = YES;
				GCC_WARN_ABOUT_RETURN_TYPE = YES_ERROR;
				GCC_WARN_UNDECLARED_SELECTOR = YES;
				GCC_WARN_UNINITIALIZED_AUTOS = YES_AGGRESSIVE;
				GCC_WARN_UNUSED_FUNCTION = YES;
				GCC_WARN_UNUSED_VARIABLE = YES;
				IPHONEOS_DEPLOYMENT_TARGET = 15.2;
				MTL_ENABLE_DEBUG_INFO = INCLUDE_SOURCE;
				MTL_FAST_MATH = YES;
				ONLY_ACTIVE_ARCH = YES;
				SDKROOT = iphoneos;
				SWIFT_ACTIVE_COMPILATION_CONDITIONS = DEBUG;
				SWIFT_OPTIMIZATION_LEVEL = "-Onone";
			};
			name = Debug;
		};
		F682A90D27AA9D6F006DCB6B /* Release */ = {
			isa = XCBuildConfiguration;
			buildSettings = {
				ALWAYS_SEARCH_USER_PATHS = NO;
				CLANG_ANALYZER_NONNULL = YES;
				CLANG_ANALYZER_NUMBER_OBJECT_CONVERSION = YES_AGGRESSIVE;
				CLANG_CXX_LANGUAGE_STANDARD = "gnu++17";
				CLANG_CXX_LIBRARY = "libc++";
				CLANG_ENABLE_MODULES = YES;
				CLANG_ENABLE_OBJC_ARC = YES;
				CLANG_ENABLE_OBJC_WEAK = YES;
				CLANG_WARN_BLOCK_CAPTURE_AUTORELEASING = YES;
				CLANG_WARN_BOOL_CONVERSION = YES;
				CLANG_WARN_COMMA = YES;
				CLANG_WARN_CONSTANT_CONVERSION = YES;
				CLANG_WARN_DEPRECATED_OBJC_IMPLEMENTATIONS = YES;
				CLANG_WARN_DIRECT_OBJC_ISA_USAGE = YES_ERROR;
				CLANG_WARN_DOCUMENTATION_COMMENTS = YES;
				CLANG_WARN_EMPTY_BODY = YES;
				CLANG_WARN_ENUM_CONVERSION = YES;
				CLANG_WARN_INFINITE_RECURSION = YES;
				CLANG_WARN_INT_CONVERSION = YES;
				CLANG_WARN_NON_LITERAL_NULL_CONVERSION = YES;
				CLANG_WARN_OBJC_IMPLICIT_RETAIN_SELF = YES;
				CLANG_WARN_OBJC_LITERAL_CONVERSION = YES;
				CLANG_WARN_OBJC_ROOT_CLASS = YES_ERROR;
				CLANG_WARN_QUOTED_INCLUDE_IN_FRAMEWORK_HEADER = YES;
				CLANG_WARN_RANGE_LOOP_ANALYSIS = YES;
				CLANG_WARN_STRICT_PROTOTYPES = YES;
				CLANG_WARN_SUSPICIOUS_MOVE = YES;
				CLANG_WARN_UNGUARDED_AVAILABILITY = YES_AGGRESSIVE;
				CLANG_WARN_UNREACHABLE_CODE = YES;
				CLANG_WARN__DUPLICATE_METHOD_MATCH = YES;
				COPY_PHASE_STRIP = NO;
				DEBUG_INFORMATION_FORMAT = "dwarf-with-dsym";
				ENABLE_NS_ASSERTIONS = NO;
				ENABLE_STRICT_OBJC_MSGSEND = YES;
				GCC_C_LANGUAGE_STANDARD = gnu11;
				GCC_NO_COMMON_BLOCKS = YES;
				GCC_WARN_64_TO_32_BIT_CONVERSION = YES;
				GCC_WARN_ABOUT_RETURN_TYPE = YES_ERROR;
				GCC_WARN_UNDECLARED_SELECTOR = YES;
				GCC_WARN_UNINITIALIZED_AUTOS = YES_AGGRESSIVE;
				GCC_WARN_UNUSED_FUNCTION = YES;
				GCC_WARN_UNUSED_VARIABLE = YES;
				IPHONEOS_DEPLOYMENT_TARGET = 15.2;
				MTL_ENABLE_DEBUG_INFO = NO;
				MTL_FAST_MATH = YES;
				SDKROOT = iphoneos;
				SWIFT_COMPILATION_MODE = wholemodule;
				SWIFT_OPTIMIZATION_LEVEL = "-O";
				VALIDATE_PRODUCT = YES;
			};
			name = Release;
		};
		F682A90F27AA9D6F006DCB6B /* Debug */ = {
			isa = XCBuildConfiguration;
			buildSettings = {
				ASSETCATALOG_COMPILER_APPICON_NAME = AppIcon;
				ASSETCATALOG_COMPILER_GLOBAL_ACCENT_COLOR_NAME = AccentColor;
				CODE_SIGN_STYLE = Automatic;
				CURRENT_PROJECT_VERSION = 1;
				DEVELOPMENT_ASSET_PATHS = "\"CommentCardGenerator/Preview Content\"";
				ENABLE_PREVIEWS = YES;
				GENERATE_INFOPLIST_FILE = YES;
				INFOPLIST_KEY_UIApplicationSceneManifest_Generation = YES;
				INFOPLIST_KEY_UIApplicationSupportsIndirectInputEvents = YES;
				INFOPLIST_KEY_UILaunchScreen_Generation = YES;
				INFOPLIST_KEY_UISupportedInterfaceOrientations_iPad = "UIInterfaceOrientationPortrait UIInterfaceOrientationPortraitUpsideDown UIInterfaceOrientationLandscapeLeft UIInterfaceOrientationLandscapeRight";
				INFOPLIST_KEY_UISupportedInterfaceOrientations_iPhone = "UIInterfaceOrientationPortrait UIInterfaceOrientationLandscapeLeft UIInterfaceOrientationLandscapeRight";
				LD_RUNPATH_SEARCH_PATHS = (
					"$(inherited)",
					"@executable_path/Frameworks",
				);
				MARKETING_VERSION = 1.0;
				PRODUCT_BUNDLE_IDENTIFIER = com.test.CommentCardGenerator;
				PRODUCT_NAME = "$(TARGET_NAME)";
				SWIFT_EMIT_LOC_STRINGS = YES;
				SWIFT_VERSION = 5.0;
				TARGETED_DEVICE_FAMILY = "1,2";
			};
			name = Debug;
		};
		F682A91027AA9D6F006DCB6B /* Release */ = {
			isa = XCBuildConfiguration;
			buildSettings = {
				ASSETCATALOG_COMPILER_APPICON_NAME = AppIcon;
				ASSETCATALOG_COMPILER_GLOBAL_ACCENT_COLOR_NAME = AccentColor;
				CODE_SIGN_STYLE = Automatic;
				CURRENT_PROJECT_VERSION = 1;
				DEVELOPMENT_ASSET_PATHS = "\"CommentCardGenerator/Preview Content\"";
				ENABLE_PREVIEWS = YES;
				GENERATE_INFOPLIST_FILE = YES;
				INFOPLIST_KEY_UIApplicationSceneManifest_Generation = YES;
				INFOPLIST_KEY_UIApplicationSupportsIndirectInputEvents = YES;
				INFOPLIST_KEY_UILaunchScreen_Generation = YES;
				INFOPLIST_KEY_UISupportedInterfaceOrientations_iPad = "UIInterfaceOrientationPortrait UIInterfaceOrientationPortraitUpsideDown UIInterfaceOrientationLandscapeLeft UIInterfaceOrientationLandscapeRight";
				INFOPLIST_KEY_UISupportedInterfaceOrientations_iPhone = "UIInterfaceOrientationPortrait UIInterfaceOrientationLandscapeLeft UIInterfaceOrientationLandscapeRight";
				LD_RUNPATH_SEARCH_PATHS = (
					"$(inherited)",
					"@executable_path/Frameworks",
				);
				MARKETING_VERSION = 1.0;
				PRODUCT_BUNDLE_IDENTIFIER = com.test.CommentCardGenerator;
				PRODUCT_NAME = "$(TARGET_NAME)";
				SWIFT_EMIT_LOC_STRINGS = YES;
				SWIFT_VERSION = 5.0;
				TARGETED_DEVICE_FAMILY = "1,2";
			};
			name = Release;
		};
		F682A91227AA9D6F006DCB6B /* Debug */ = {
			isa = XCBuildConfiguration;
			buildSettings = {
				ALWAYS_EMBED_SWIFT_STANDARD_LIBRARIES = YES;
				BUNDLE_LOADER = "$(TEST_HOST)";
				CODE_SIGN_STYLE = Automatic;
				CURRENT_PROJECT_VERSION = 1;
				GENERATE_INFOPLIST_FILE = YES;
				IPHONEOS_DEPLOYMENT_TARGET = 15.2;
				MARKETING_VERSION = 1.0;
				PRODUCT_BUNDLE_IDENTIFIER = com.test.CommentCardGeneratorTests;
				PRODUCT_NAME = "$(TARGET_NAME)";
				SWIFT_EMIT_LOC_STRINGS = NO;
				SWIFT_VERSION = 5.0;
				TARGETED_DEVICE_FAMILY = "1,2";
				TEST_HOST = "$(BUILT_PRODUCTS_DIR)/CommentCardGenerator.app/CommentCardGenerator";
			};
			name = Debug;
		};
		F682A91327AA9D6F006DCB6B /* Release */ = {
			isa = XCBuildConfiguration;
			buildSettings = {
				ALWAYS_EMBED_SWIFT_STANDARD_LIBRARIES = YES;
				BUNDLE_LOADER = "$(TEST_HOST)";
				CODE_SIGN_STYLE = Automatic;
				CURRENT_PROJECT_VERSION = 1;
				GENERATE_INFOPLIST_FILE = YES;
				IPHONEOS_DEPLOYMENT_TARGET = 15.2;
				MARKETING_VERSION = 1.0;
				PRODUCT_BUNDLE_IDENTIFIER = com.test.CommentCardGeneratorTests;
				PRODUCT_NAME = "$(TARGET_NAME)";
				SWIFT_EMIT_LOC_STRINGS = NO;
				SWIFT_VERSION = 5.0;
				TARGETED_DEVICE_FAMILY = "1,2";
				TEST_HOST = "$(BUILT_PRODUCTS_DIR)/CommentCardGenerator.app/CommentCardGenerator";
			};
			name = Release;
		};
		F682A91527AA9D6F006DCB6B /* Debug */ = {
			isa = XCBuildConfiguration;
			buildSettings = {
				ALWAYS_EMBED_SWIFT_STANDARD_LIBRARIES = YES;
				CODE_SIGN_STYLE = Automatic;
				CURRENT_PROJECT_VERSION = 1;
				GENERATE_INFOPLIST_FILE = YES;
				MARKETING_VERSION = 1.0;
				PRODUCT_BUNDLE_IDENTIFIER = com.test.CommentCardGeneratorUITests;
				PRODUCT_NAME = "$(TARGET_NAME)";
				SWIFT_EMIT_LOC_STRINGS = NO;
				SWIFT_VERSION = 5.0;
				TARGETED_DEVICE_FAMILY = "1,2";
				TEST_TARGET_NAME = CommentCardGenerator;
			};
			name = Debug;
		};
		F682A91627AA9D6F006DCB6B /* Release */ = {
			isa = XCBuildConfiguration;
			buildSettings = {
				ALWAYS_EMBED_SWIFT_STANDARD_LIBRARIES = YES;
				CODE_SIGN_STYLE = Automatic;
				CURRENT_PROJECT_VERSION = 1;
				GENERATE_INFOPLIST_FILE = YES;
				MARKETING_VERSION = 1.0;
				PRODUCT_BUNDLE_IDENTIFIER = com.test.CommentCardGeneratorUITests;
				PRODUCT_NAME = "$(TARGET_NAME)";
				SWIFT_EMIT_LOC_STRINGS = NO;
				SWIFT_VERSION = 5.0;
				TARGETED_DEVICE_FAMILY = "1,2";
				TEST_TARGET_NAME = CommentCardGenerator;
			};
			name = Release;
		};
/* End XCBuildConfiguration section */

/* Begin XCConfigurationList section */
		F682A8E527AA9D6D006DCB6B /* Build configuration list for PBXProject "CommentCardGenerator" */ = {
			isa = XCConfigurationList;
			buildConfigurations = (
				F682A90C27AA9D6F006DCB6B /* Debug */,
				F682A90D27AA9D6F006DCB6B /* Release */,
			);
			defaultConfigurationIsVisible = 0;
			defaultConfigurationName = Release;
		};
		F682A90E27AA9D6F006DCB6B /* Build configuration list for PBXNativeTarget "CommentCardGenerator" */ = {
			isa = XCConfigurationList;
			buildConfigurations = (
				F682A90F27AA9D6F006DCB6B /* Debug */,
				F682A91027AA9D6F006DCB6B /* Release */,
			);
			defaultConfigurationIsVisible = 0;
			defaultConfigurationName = Release;
		};
		F682A91127AA9D6F006DCB6B /* Build configuration list for PBXNativeTarget "CommentCardGeneratorTests" */ = {
			isa = XCConfigurationList;
			buildConfigurations = (
				F682A91227AA9D6F006DCB6B /* Debug */,
				F682A91327AA9D6F006DCB6B /* Release */,
			);
			defaultConfigurationIsVisible = 0;
			defaultConfigurationName = Release;
		};
		F682A91427AA9D6F006DCB6B /* Build configuration list for PBXNativeTarget "CommentCardGeneratorUITests" */ = {
			isa = XCConfigurationList;
			buildConfigurations = (
				F682A91527AA9D6F006DCB6B /* Debug */,
				F682A91627AA9D6F006DCB6B /* Release */,
			);
			defaultConfigurationIsVisible = 0;
			defaultConfigurationName = Release;
		};
/* End XCConfigurationList section */
	};
	rootObject = F682A8E227AA9D6D006DCB6B /* Project object */;
}
